// !$*UTF8*$!
{
	archiveVersion = 1;
	classes = {
	};
	objectVersion = 56;
	objects = {

/* Begin PBXBuildFile section */
		42255BC02ADD51EB004DDCA5 /* HeartView.swift in Sources */ = {isa = PBXBuildFile; fileRef = 42255BBF2ADD51EB004DDCA5 /* HeartView.swift */; };
		42255BC22ADD558F004DDCA5 /* ActionsView.swift in Sources */ = {isa = PBXBuildFile; fileRef = 42255BC12ADD558F004DDCA5 /* ActionsView.swift */; };
		42255BC42ADD5645004DDCA5 /* StatusPetView.swift in Sources */ = {isa = PBXBuildFile; fileRef = 42255BC32ADD5645004DDCA5 /* StatusPetView.swift */; };
		4272FC212AD93E570034A72F /* AnimatedImageView.swift in Sources */ = {isa = PBXBuildFile; fileRef = 4272FC202AD93E570034A72F /* AnimatedImageView.swift */; };
		4272FC232AD940AA0034A72F /* PetView.swift in Sources */ = {isa = PBXBuildFile; fileRef = 4272FC222AD940AA0034A72F /* PetView.swift */; };
		429CED252AD8A3F500F7917C /* FLAnimatedImage in Frameworks */ = {isa = PBXBuildFile; productRef = 429CED242AD8A3F500F7917C /* FLAnimatedImage */; };
		42A8AF752AD8024800D4A9FF /* Virtual_PetApp.swift in Sources */ = {isa = PBXBuildFile; fileRef = 42A8AF742AD8024800D4A9FF /* Virtual_PetApp.swift */; };
		42A8AF772AD8024800D4A9FF /* ContentView.swift in Sources */ = {isa = PBXBuildFile; fileRef = 42A8AF762AD8024800D4A9FF /* ContentView.swift */; };
		42A8AF792AD8024A00D4A9FF /* Assets.xcassets in Resources */ = {isa = PBXBuildFile; fileRef = 42A8AF782AD8024A00D4A9FF /* Assets.xcassets */; };
		42A8AF7C2AD8024A00D4A9FF /* Preview Assets.xcassets in Resources */ = {isa = PBXBuildFile; fileRef = 42A8AF7B2AD8024A00D4A9FF /* Preview Assets.xcassets */; };
		42A8AF842AD8035500D4A9FF /* Helpers.swift in Sources */ = {isa = PBXBuildFile; fileRef = 42A8AF832AD8035500D4A9FF /* Helpers.swift */; };
		42A8AF892AD8056700D4A9FF /* PetData.swift in Sources */ = {isa = PBXBuildFile; fileRef = 42A8AF882AD8056700D4A9FF /* PetData.swift */; };
		42A8AF8B2AD805A000D4A9FF /* PetModel.swift in Sources */ = {isa = PBXBuildFile; fileRef = 42A8AF8A2AD805A000D4A9FF /* PetModel.swift */; };
		42A8AF8D2AD8063000D4A9FF /* PetViewModel.swift in Sources */ = {isa = PBXBuildFile; fileRef = 42A8AF8C2AD8063000D4A9FF /* PetViewModel.swift */; };
		42A8AF8F2AD8088200D4A9FF /* Localizable.xcstrings in Resources */ = {isa = PBXBuildFile; fileRef = 42A8AF8E2AD8088200D4A9FF /* Localizable.xcstrings */; };
/* End PBXBuildFile section */

/* Begin PBXFileReference section */
		42255BBF2ADD51EB004DDCA5 /* HeartView.swift */ = {isa = PBXFileReference; lastKnownFileType = sourcecode.swift; path = HeartView.swift; sourceTree = "<group>"; };
		42255BC12ADD558F004DDCA5 /* ActionsView.swift */ = {isa = PBXFileReference; lastKnownFileType = sourcecode.swift; path = ActionsView.swift; sourceTree = "<group>"; };
		42255BC32ADD5645004DDCA5 /* StatusPetView.swift */ = {isa = PBXFileReference; lastKnownFileType = sourcecode.swift; path = StatusPetView.swift; sourceTree = "<group>"; };
		4272FC202AD93E570034A72F /* AnimatedImageView.swift */ = {isa = PBXFileReference; fileEncoding = 4; lastKnownFileType = sourcecode.swift; path = AnimatedImageView.swift; sourceTree = "<group>"; };
		4272FC222AD940AA0034A72F /* PetView.swift */ = {isa = PBXFileReference; lastKnownFileType = sourcecode.swift; path = PetView.swift; sourceTree = "<group>"; };
		42A8AF712AD8024800D4A9FF /* Virtual Pet.app */ = {isa = PBXFileReference; explicitFileType = wrapper.application; includeInIndex = 0; path = "Virtual Pet.app"; sourceTree = BUILT_PRODUCTS_DIR; };
		42A8AF742AD8024800D4A9FF /* Virtual_PetApp.swift */ = {isa = PBXFileReference; lastKnownFileType = sourcecode.swift; path = Virtual_PetApp.swift; sourceTree = "<group>"; };
		42A8AF762AD8024800D4A9FF /* ContentView.swift */ = {isa = PBXFileReference; lastKnownFileType = sourcecode.swift; path = ContentView.swift; sourceTree = "<group>"; };
		42A8AF782AD8024A00D4A9FF /* Assets.xcassets */ = {isa = PBXFileReference; lastKnownFileType = folder.assetcatalog; path = Assets.xcassets; sourceTree = "<group>"; };
		42A8AF7B2AD8024A00D4A9FF /* Preview Assets.xcassets */ = {isa = PBXFileReference; lastKnownFileType = folder.assetcatalog; path = "Preview Assets.xcassets"; sourceTree = "<group>"; };
		42A8AF832AD8035500D4A9FF /* Helpers.swift */ = {isa = PBXFileReference; lastKnownFileType = sourcecode.swift; path = Helpers.swift; sourceTree = "<group>"; };
		42A8AF882AD8056700D4A9FF /* PetData.swift */ = {isa = PBXFileReference; lastKnownFileType = sourcecode.swift; path = PetData.swift; sourceTree = "<group>"; };
		42A8AF8A2AD805A000D4A9FF /* PetModel.swift */ = {isa = PBXFileReference; lastKnownFileType = sourcecode.swift; path = PetModel.swift; sourceTree = "<group>"; };
		42A8AF8C2AD8063000D4A9FF /* PetViewModel.swift */ = {isa = PBXFileReference; lastKnownFileType = sourcecode.swift; path = PetViewModel.swift; sourceTree = "<group>"; };
		42A8AF8E2AD8088200D4A9FF /* Localizable.xcstrings */ = {isa = PBXFileReference; lastKnownFileType = text.json.xcstrings; path = Localizable.xcstrings; sourceTree = "<group>"; };
/* End PBXFileReference section */

/* Begin PBXFrameworksBuildPhase section */
		42A8AF6E2AD8024800D4A9FF /* Frameworks */ = {
			isa = PBXFrameworksBuildPhase;
			buildActionMask = 2147483647;
			files = (
				429CED252AD8A3F500F7917C /* FLAnimatedImage in Frameworks */,
			);
			runOnlyForDeploymentPostprocessing = 0;
		};
/* End PBXFrameworksBuildPhase section */

/* Begin PBXGroup section */
		42903B022ADD50F8003615C3 /* View */ = {
			isa = PBXGroup;
			children = (
				4272FC222AD940AA0034A72F /* PetView.swift */,
				42255BBF2ADD51EB004DDCA5 /* HeartView.swift */,
				42255BC12ADD558F004DDCA5 /* ActionsView.swift */,
				42255BC32ADD5645004DDCA5 /* StatusPetView.swift */,
			);
			path = View;
			sourceTree = "<group>";
		};
		42A8AF682AD8024800D4A9FF = {
			isa = PBXGroup;
			children = (
				42A8AF732AD8024800D4A9FF /* Virtual Pet */,
				42A8AF722AD8024800D4A9FF /* Products */,
			);
			sourceTree = "<group>";
		};
		42A8AF722AD8024800D4A9FF /* Products */ = {
			isa = PBXGroup;
			children = (
				42A8AF712AD8024800D4A9FF /* Virtual Pet.app */,
			);
			name = Products;
			sourceTree = "<group>";
		};
		42A8AF732AD8024800D4A9FF /* Virtual Pet */ = {
			isa = PBXGroup;
			children = (
				42A8AF822AD8033C00D4A9FF /* Helpers */,
				42A8AF852AD804AE00D4A9FF /* Data */,
				42A8AF872AD8053000D4A9FF /* ViewModel */,
				42A8AF862AD804C700D4A9FF /* Model */,
				42903B022ADD50F8003615C3 /* View */,
				42A8AF742AD8024800D4A9FF /* Virtual_PetApp.swift */,
				42A8AF762AD8024800D4A9FF /* ContentView.swift */,
				42A8AF782AD8024A00D4A9FF /* Assets.xcassets */,
				42A8AF7A2AD8024A00D4A9FF /* Preview Content */,
				42A8AF8E2AD8088200D4A9FF /* Localizable.xcstrings */,
			);
			path = "Virtual Pet";
			sourceTree = "<group>";
		};
		42A8AF7A2AD8024A00D4A9FF /* Preview Content */ = {
			isa = PBXGroup;
			children = (
				42A8AF7B2AD8024A00D4A9FF /* Preview Assets.xcassets */,
			);
			path = "Preview Content";
			sourceTree = "<group>";
		};
		42A8AF822AD8033C00D4A9FF /* Helpers */ = {
			isa = PBXGroup;
			children = (
				4272FC202AD93E570034A72F /* AnimatedImageView.swift */,
				42A8AF832AD8035500D4A9FF /* Helpers.swift */,
			);
			path = Helpers;
			sourceTree = "<group>";
		};
		42A8AF852AD804AE00D4A9FF /* Data */ = {
			isa = PBXGroup;
			children = (
				42A8AF882AD8056700D4A9FF /* PetData.swift */,
			);
			path = Data;
			sourceTree = "<group>";
		};
		42A8AF862AD804C700D4A9FF /* Model */ = {
			isa = PBXGroup;
			children = (
				42A8AF8A2AD805A000D4A9FF /* PetModel.swift */,
			);
			path = Model;
			sourceTree = "<group>";
		};
		42A8AF872AD8053000D4A9FF /* ViewModel */ = {
			isa = PBXGroup;
			children = (
				42A8AF8C2AD8063000D4A9FF /* PetViewModel.swift */,
			);
			path = ViewModel;
			sourceTree = "<group>";
		};
/* End PBXGroup section */

/* Begin PBXNativeTarget section */
		42A8AF702AD8024800D4A9FF /* Virtual Pet */ = {
			isa = PBXNativeTarget;
			buildConfigurationList = 42A8AF7F2AD8024A00D4A9FF /* Build configuration list for PBXNativeTarget "Virtual Pet" */;
			buildPhases = (
				42A8AF6D2AD8024800D4A9FF /* Sources */,
				42A8AF6E2AD8024800D4A9FF /* Frameworks */,
				42A8AF6F2AD8024800D4A9FF /* Resources */,
			);
			buildRules = (
			);
			dependencies = (
			);
			name = "Virtual Pet";
			packageProductDependencies = (
				429CED242AD8A3F500F7917C /* FLAnimatedImage */,
			);
			productName = "Virtual Pet";
			productReference = 42A8AF712AD8024800D4A9FF /* Virtual Pet.app */;
			productType = "com.apple.product-type.application";
		};
/* End PBXNativeTarget section */

/* Begin PBXProject section */
		42A8AF692AD8024800D4A9FF /* Project object */ = {
			isa = PBXProject;
			attributes = {
				BuildIndependentTargetsInParallel = 1;
				LastSwiftUpdateCheck = 1500;
				LastUpgradeCheck = 1500;
				TargetAttributes = {
					42A8AF702AD8024800D4A9FF = {
						CreatedOnToolsVersion = 15.0;
					};
				};
			};
			buildConfigurationList = 42A8AF6C2AD8024800D4A9FF /* Build configuration list for PBXProject "Virtual Pet" */;
			compatibilityVersion = "Xcode 14.0";
			developmentRegion = en;
			hasScannedForEncodings = 0;
			knownRegions = (
				en,
				Base,
				"pt-BR",
			);
			mainGroup = 42A8AF682AD8024800D4A9FF;
			packageReferences = (
				429CED232AD8A3F500F7917C /* XCRemoteSwiftPackageReference "FLAnimatedImage" */,
			);
			productRefGroup = 42A8AF722AD8024800D4A9FF /* Products */;
			projectDirPath = "";
			projectRoot = "";
			targets = (
				42A8AF702AD8024800D4A9FF /* Virtual Pet */,
			);
		};
/* End PBXProject section */

/* Begin PBXResourcesBuildPhase section */
		42A8AF6F2AD8024800D4A9FF /* Resources */ = {
			isa = PBXResourcesBuildPhase;
			buildActionMask = 2147483647;
			files = (
				42A8AF7C2AD8024A00D4A9FF /* Preview Assets.xcassets in Resources */,
				42A8AF792AD8024A00D4A9FF /* Assets.xcassets in Resources */,
				42A8AF8F2AD8088200D4A9FF /* Localizable.xcstrings in Resources */,
			);
			runOnlyForDeploymentPostprocessing = 0;
		};
/* End PBXResourcesBuildPhase section */

/* Begin PBXSourcesBuildPhase section */
		42A8AF6D2AD8024800D4A9FF /* Sources */ = {
			isa = PBXSourcesBuildPhase;
			buildActionMask = 2147483647;
			files = (
				42255BC22ADD558F004DDCA5 /* ActionsView.swift in Sources */,
				42A8AF8D2AD8063000D4A9FF /* PetViewModel.swift in Sources */,
				42A8AF772AD8024800D4A9FF /* ContentView.swift in Sources */,
				42A8AF842AD8035500D4A9FF /* Helpers.swift in Sources */,
				4272FC212AD93E570034A72F /* AnimatedImageView.swift in Sources */,
				4272FC232AD940AA0034A72F /* PetView.swift in Sources */,
				42255BC42ADD5645004DDCA5 /* StatusPetView.swift in Sources */,
				42A8AF752AD8024800D4A9FF /* Virtual_PetApp.swift in Sources */,
				42A8AF8B2AD805A000D4A9FF /* PetModel.swift in Sources */,
				42255BC02ADD51EB004DDCA5 /* HeartView.swift in Sources */,
				42A8AF892AD8056700D4A9FF /* PetData.swift in Sources */,
			);
			runOnlyForDeploymentPostprocessing = 0;
		};
/* End PBXSourcesBuildPhase section */

/* Begin XCBuildConfiguration section */
		42A8AF7D2AD8024A00D4A9FF /* Debug */ = {
			isa = XCBuildConfiguration;
			buildSettings = {
				ALWAYS_SEARCH_USER_PATHS = NO;
				ASSETCATALOG_COMPILER_GENERATE_SWIFT_ASSET_SYMBOL_EXTENSIONS = YES;
				CLANG_ANALYZER_NONNULL = YES;
				CLANG_ANALYZER_NUMBER_OBJECT_CONVERSION = YES_AGGRESSIVE;
				CLANG_CXX_LANGUAGE_STANDARD = "gnu++20";
				CLANG_ENABLE_MODULES = YES;
				CLANG_ENABLE_OBJC_ARC = YES;
				CLANG_ENABLE_OBJC_WEAK = YES;
				CLANG_WARN_BLOCK_CAPTURE_AUTORELEASING = YES;
				CLANG_WARN_BOOL_CONVERSION = YES;
				CLANG_WARN_COMMA = YES;
				CLANG_WARN_CONSTANT_CONVERSION = YES;
				CLANG_WARN_DEPRECATED_OBJC_IMPLEMENTATIONS = YES;
				CLANG_WARN_DIRECT_OBJC_ISA_USAGE = YES_ERROR;
				CLANG_WARN_DOCUMENTATION_COMMENTS = YES;
				CLANG_WARN_EMPTY_BODY = YES;
				CLANG_WARN_ENUM_CONVERSION = YES;
				CLANG_WARN_INFINITE_RECURSION = YES;
				CLANG_WARN_INT_CONVERSION = YES;
				CLANG_WARN_NON_LITERAL_NULL_CONVERSION = YES;
				CLANG_WARN_OBJC_IMPLICIT_RETAIN_SELF = YES;
				CLANG_WARN_OBJC_LITERAL_CONVERSION = YES;
				CLANG_WARN_OBJC_ROOT_CLASS = YES_ERROR;
				CLANG_WARN_QUOTED_INCLUDE_IN_FRAMEWORK_HEADER = YES;
				CLANG_WARN_RANGE_LOOP_ANALYSIS = YES;
				CLANG_WARN_STRICT_PROTOTYPES = YES;
				CLANG_WARN_SUSPICIOUS_MOVE = YES;
				CLANG_WARN_UNGUARDED_AVAILABILITY = YES_AGGRESSIVE;
				CLANG_WARN_UNREACHABLE_CODE = YES;
				CLANG_WARN__DUPLICATE_METHOD_MATCH = YES;
				COPY_PHASE_STRIP = NO;
				DEBUG_INFORMATION_FORMAT = dwarf;
				ENABLE_STRICT_OBJC_MSGSEND = YES;
				ENABLE_TESTABILITY = YES;
				ENABLE_USER_SCRIPT_SANDBOXING = YES;
				GCC_C_LANGUAGE_STANDARD = gnu17;
				GCC_DYNAMIC_NO_PIC = NO;
				GCC_NO_COMMON_BLOCKS = YES;
				GCC_OPTIMIZATION_LEVEL = 0;
				GCC_PREPROCESSOR_DEFINITIONS = (
					"DEBUG=1",
					"$(inherited)",
				);
				GCC_WARN_64_TO_32_BIT_CONVERSION = YES;
				GCC_WARN_ABOUT_RETURN_TYPE = YES_ERROR;
				GCC_WARN_UNDECLARED_SELECTOR = YES;
				GCC_WARN_UNINITIALIZED_AUTOS = YES_AGGRESSIVE;
				GCC_WARN_UNUSED_FUNCTION = YES;
				GCC_WARN_UNUSED_VARIABLE = YES;
				IPHONEOS_DEPLOYMENT_TARGET = 17.0;
				LOCALIZATION_PREFERS_STRING_CATALOGS = YES;
				MTL_ENABLE_DEBUG_INFO = INCLUDE_SOURCE;
				MTL_FAST_MATH = YES;
				ONLY_ACTIVE_ARCH = YES;
				SDKROOT = iphoneos;
				SWIFT_ACTIVE_COMPILATION_CONDITIONS = "DEBUG $(inherited)";
				SWIFT_OPTIMIZATION_LEVEL = "-Onone";
			};
			name = Debug;
		};
		42A8AF7E2AD8024A00D4A9FF /* Release */ = {
			isa = XCBuildConfiguration;
			buildSettings = {
				ALWAYS_SEARCH_USER_PATHS = NO;
				ASSETCATALOG_COMPILER_GENERATE_SWIFT_ASSET_SYMBOL_EXTENSIONS = YES;
				CLANG_ANALYZER_NONNULL = YES;
				CLANG_ANALYZER_NUMBER_OBJECT_CONVERSION = YES_AGGRESSIVE;
				CLANG_CXX_LANGUAGE_STANDARD = "gnu++20";
				CLANG_ENABLE_MODULES = YES;
				CLANG_ENABLE_OBJC_ARC = YES;
				CLANG_ENABLE_OBJC_WEAK = YES;
				CLANG_WARN_BLOCK_CAPTURE_AUTORELEASING = YES;
				CLANG_WARN_BOOL_CONVERSION = YES;
				CLANG_WARN_COMMA = YES;
				CLANG_WARN_CONSTANT_CONVERSION = YES;
				CLANG_WARN_DEPRECATED_OBJC_IMPLEMENTATIONS = YES;
				CLANG_WARN_DIRECT_OBJC_ISA_USAGE = YES_ERROR;
				CLANG_WARN_DOCUMENTATION_COMMENTS = YES;
				CLANG_WARN_EMPTY_BODY = YES;
				CLANG_WARN_ENUM_CONVERSION = YES;
				CLANG_WARN_INFINITE_RECURSION = YES;
				CLANG_WARN_INT_CONVERSION = YES;
				CLANG_WARN_NON_LITERAL_NULL_CONVERSION = YES;
				CLANG_WARN_OBJC_IMPLICIT_RETAIN_SELF = YES;
				CLANG_WARN_OBJC_LITERAL_CONVERSION = YES;
				CLANG_WARN_OBJC_ROOT_CLASS = YES_ERROR;
				CLANG_WARN_QUOTED_INCLUDE_IN_FRAMEWORK_HEADER = YES;
				CLANG_WARN_RANGE_LOOP_ANALYSIS = YES;
				CLANG_WARN_STRICT_PROTOTYPES = YES;
				CLANG_WARN_SUSPICIOUS_MOVE = YES;
				CLANG_WARN_UNGUARDED_AVAILABILITY = YES_AGGRESSIVE;
				CLANG_WARN_UNREACHABLE_CODE = YES;
				CLANG_WARN__DUPLICATE_METHOD_MATCH = YES;
				COPY_PHASE_STRIP = NO;
				DEBUG_INFORMATION_FORMAT = "dwarf-with-dsym";
				ENABLE_NS_ASSERTIONS = NO;
				ENABLE_STRICT_OBJC_MSGSEND = YES;
				ENABLE_USER_SCRIPT_SANDBOXING = YES;
				GCC_C_LANGUAGE_STANDARD = gnu17;
				GCC_NO_COMMON_BLOCKS = YES;
				GCC_WARN_64_TO_32_BIT_CONVERSION = YES;
				GCC_WARN_ABOUT_RETURN_TYPE = YES_ERROR;
				GCC_WARN_UNDECLARED_SELECTOR = YES;
				GCC_WARN_UNINITIALIZED_AUTOS = YES_AGGRESSIVE;
				GCC_WARN_UNUSED_FUNCTION = YES;
				GCC_WARN_UNUSED_VARIABLE = YES;
				IPHONEOS_DEPLOYMENT_TARGET = 17.0;
				LOCALIZATION_PREFERS_STRING_CATALOGS = YES;
				MTL_ENABLE_DEBUG_INFO = NO;
				MTL_FAST_MATH = YES;
				SDKROOT = iphoneos;
				SWIFT_COMPILATION_MODE = wholemodule;
				VALIDATE_PRODUCT = YES;
			};
			name = Release;
		};
		42A8AF802AD8024A00D4A9FF /* Debug */ = {
			isa = XCBuildConfiguration;
			buildSettings = {
				ASSETCATALOG_COMPILER_APPICON_NAME = AppIcon;
				ASSETCATALOG_COMPILER_GLOBAL_ACCENT_COLOR_NAME = AccentColor;
				CODE_SIGN_STYLE = Automatic;
				CURRENT_PROJECT_VERSION = 1;
				DEVELOPMENT_ASSET_PATHS = "\"Virtual Pet/Preview Content\"";
				DEVELOPMENT_TEAM = 7833GGFHR3;
				ENABLE_PREVIEWS = YES;
				GENERATE_INFOPLIST_FILE = YES;
				INFOPLIST_KEY_UIApplicationSceneManifest_Generation = YES;
				INFOPLIST_KEY_UIApplicationSupportsIndirectInputEvents = YES;
				INFOPLIST_KEY_UILaunchScreen_Generation = YES;
				INFOPLIST_KEY_UISupportedInterfaceOrientations_iPad = "UIInterfaceOrientationPortrait UIInterfaceOrientationPortraitUpsideDown UIInterfaceOrientationLandscapeLeft UIInterfaceOrientationLandscapeRight";
				INFOPLIST_KEY_UISupportedInterfaceOrientations_iPhone = "UIInterfaceOrientationPortrait UIInterfaceOrientationLandscapeLeft UIInterfaceOrientationLandscapeRight";
				LD_RUNPATH_SEARCH_PATHS = (
					"$(inherited)",
					"@executable_path/Frameworks",
				);
				MARKETING_VERSION = 1.0;
				PRODUCT_BUNDLE_IDENTIFIER = "com.christinne.Virtual-Pet";
				PRODUCT_NAME = "$(TARGET_NAME)";
				SWIFT_EMIT_LOC_STRINGS = YES;
				SWIFT_VERSION = 5.0;
				TARGETED_DEVICE_FAMILY = "1,2";
			};
			name = Debug;
		};
		42A8AF812AD8024A00D4A9FF /* Release */ = {
			isa = XCBuildConfiguration;
			buildSettings = {
				ASSETCATALOG_COMPILER_APPICON_NAME = AppIcon;
				ASSETCATALOG_COMPILER_GLOBAL_ACCENT_COLOR_NAME = AccentColor;
				CODE_SIGN_STYLE = Automatic;
				CURRENT_PROJECT_VERSION = 1;
				DEVELOPMENT_ASSET_PATHS = "\"Virtual Pet/Preview Content\"";
				DEVELOPMENT_TEAM = 7833GGFHR3;
				ENABLE_PREVIEWS = YES;
				GENERATE_INFOPLIST_FILE = YES;
				INFOPLIST_KEY_UIApplicationSceneManifest_Generation = YES;
				INFOPLIST_KEY_UIApplicationSupportsIndirectInputEvents = YES;
				INFOPLIST_KEY_UILaunchScreen_Generation = YES;
				INFOPLIST_KEY_UISupportedInterfaceOrientations_iPad = "UIInterfaceOrientationPortrait UIInterfaceOrientationPortraitUpsideDown UIInterfaceOrientationLandscapeLeft UIInterfaceOrientationLandscapeRight";
				INFOPLIST_KEY_UISupportedInterfaceOrientations_iPhone = "UIInterfaceOrientationPortrait UIInterfaceOrientationLandscapeLeft UIInterfaceOrientationLandscapeRight";
				LD_RUNPATH_SEARCH_PATHS = (
					"$(inherited)",
					"@executable_path/Frameworks",
				);
				MARKETING_VERSION = 1.0;
				PRODUCT_BUNDLE_IDENTIFIER = "com.christinne.Virtual-Pet";
				PRODUCT_NAME = "$(TARGET_NAME)";
				SWIFT_EMIT_LOC_STRINGS = YES;
				SWIFT_VERSION = 5.0;
				TARGETED_DEVICE_FAMILY = "1,2";
			};
			name = Release;
		};
/* End XCBuildConfiguration section */

/* Begin XCConfigurationList section */
		42A8AF6C2AD8024800D4A9FF /* Build configuration list for PBXProject "Virtual Pet" */ = {
			isa = XCConfigurationList;
			buildConfigurations = (
				42A8AF7D2AD8024A00D4A9FF /* Debug */,
				42A8AF7E2AD8024A00D4A9FF /* Release */,
			);
			defaultConfigurationIsVisible = 0;
			defaultConfigurationName = Release;
		};
		42A8AF7F2AD8024A00D4A9FF /* Build configuration list for PBXNativeTarget "Virtual Pet" */ = {
			isa = XCConfigurationList;
			buildConfigurations = (
				42A8AF802AD8024A00D4A9FF /* Debug */,
				42A8AF812AD8024A00D4A9FF /* Release */,
			);
			defaultConfigurationIsVisible = 0;
			defaultConfigurationName = Release;
		};
/* End XCConfigurationList section */

/* Begin XCRemoteSwiftPackageReference section */
		429CED232AD8A3F500F7917C /* XCRemoteSwiftPackageReference "FLAnimatedImage" */ = {
			isa = XCRemoteSwiftPackageReference;
			repositoryURL = "https://github.com/Flipboard/FLAnimatedImage";
			requirement = {
				kind = upToNextMajorVersion;
				minimumVersion = 1.0.17;
			};
		};
/* End XCRemoteSwiftPackageReference section */

/* Begin XCSwiftPackageProductDependency section */
		429CED242AD8A3F500F7917C /* FLAnimatedImage */ = {
			isa = XCSwiftPackageProductDependency;
			package = 429CED232AD8A3F500F7917C /* XCRemoteSwiftPackageReference "FLAnimatedImage" */;
			productName = FLAnimatedImage;
		};
/* End XCSwiftPackageProductDependency section */
	};
	rootObject = 42A8AF692AD8024800D4A9FF /* Project object */;
}
